
Microsoft Visual Studio Solution File, Format Version 12.00
# Visual Studio Version 17
VisualStudioVersion = 17.7.34003.232
MinimumVisualStudioVersion = 10.0.40219.1
Project("{FAE04EC0-301F-11D3-BF4B-00C04F79EFBC}") = "Kiosk Project", "Kiosk Project\Kiosk Project.csproj", "{9CFB752F-CA9F-4740-A398-745375C8EABB}"
EndProject
Global
	GlobalSection(SolutionConfigurationPlatforms) = preSolution
		Debug|Any CPU = Debug|Any CPU
		Release|Any CPU = Release|Any CPU
	EndGlobalSection
	GlobalSection(ProjectConfigurationPlatforms) = postSolution
		{9CFB752F-CA9F-4740-A398-745375C8EABB}.Debug|Any CPU.ActiveCfg = Debug|Any CPU
		{9CFB752F-CA9F-4740-A398-745375C8EABB}.Debug|Any CPU.Build.0 = Debug|Any CPU
		{9CFB752F-CA9F-4740-A398-745375C8EABB}.Release|Any CPU.ActiveCfg = Release|Any CPU
		{9CFB752F-CA9F-4740-A398-745375C8EABB}.Release|Any CPU.Build.0 = Release|Any CPU
	EndGlobalSection
	GlobalSection(SolutionProperties) = preSolution
		HideSolutionNode = FALSE
	EndGlobalSection
	GlobalSection(ExtensibilityGlobals) = postSolution
		SolutionGuid = {D27FD201-9C8C-4104-B8DF-77035E280650}
	EndGlobalSection
EndGlobal
